
Microsoft Visual Studio Solution File, Format Version 12.00
Project("{FAE04EC0-301F-11D3-BF4B-00C04F79EFBC}") = "rnapi", "rnapi\rnapi.csproj", "{1F9B6F39-4541-4FB3-93DC-E82A3DB43D8B}"
EndProject
Global
	GlobalSection(SolutionConfigurationPlatforms) = preSolution
		Debug|Any CPU = Debug|Any CPU
		Release|Any CPU = Release|Any CPU
	EndGlobalSection
	GlobalSection(ProjectConfigurationPlatforms) = postSolution
		{1F9B6F39-4541-4FB3-93DC-E82A3DB43D8B}.Debug|Any CPU.ActiveCfg = Debug|Any CPU
		{1F9B6F39-4541-4FB3-93DC-E82A3DB43D8B}.Debug|Any CPU.Build.0 = Debug|Any CPU
		{1F9B6F39-4541-4FB3-93DC-E82A3DB43D8B}.Release|Any CPU.ActiveCfg = Release|Any CPU
		{1F9B6F39-4541-4FB3-93DC-E82A3DB43D8B}.Release|Any CPU.Build.0 = Release|Any CPU
	EndGlobalSection
EndGlobal
